
Microsoft Visual Studio Solution File, Format Version 12.00
Project("{FAE04EC0-301F-11D3-BF4B-00C04F79EFBC}") = "TrayLive", "TrayLive\TrayLive.csproj", "{2EFC4D85-FC07-45C0-9264-9E16E81FFD3E}"
EndProject
Global
	GlobalSection(SolutionConfigurationPlatforms) = preSolution
		Debug|Any CPU = Debug|Any CPU
		Release|Any CPU = Release|Any CPU
	EndGlobalSection
	GlobalSection(ProjectConfigurationPlatforms) = postSolution
		{2EFC4D85-FC07-45C0-9264-9E16E81FFD3E}.Debug|Any CPU.ActiveCfg = Debug|Any CPU
		{2EFC4D85-FC07-45C0-9264-9E16E81FFD3E}.Debug|Any CPU.Build.0 = Debug|Any CPU
		{2EFC4D85-FC07-45C0-9264-9E16E81FFD3E}.Release|Any CPU.ActiveCfg = Release|Any CPU
		{2EFC4D85-FC07-45C0-9264-9E16E81FFD3E}.Release|Any CPU.Build.0 = Release|Any CPU
	EndGlobalSection
EndGlobal
